
Microsoft Visual Studio Solution File, Format Version 12.00
# Visual Studio Version 17
VisualStudioVersion = 17.7.34024.191
MinimumVisualStudioVersion = 10.0.40219.1
Project("{FAE04EC0-301F-11D3-BF4B-00C04F79EFBC}") = "PizzaStore", "PizzaStore\PizzaStore.csproj", "{BA3D4D38-D027-48E0-90FB-6DBADF1C3464}"
EndProject
Global
	GlobalSection(SolutionConfigurationPlatforms) = preSolution
		Debug|Any CPU = Debug|Any CPU
		Release|Any CPU = Release|Any CPU
	EndGlobalSection
	GlobalSection(ProjectConfigurationPlatforms) = postSolution
		{BA3D4D38-D027-48E0-90FB-6DBADF1C3464}.Debug|Any CPU.ActiveCfg = Debug|Any CPU
		{BA3D4D38-D027-48E0-90FB-6DBADF1C3464}.Debug|Any CPU.Build.0 = Debug|Any CPU
		{BA3D4D38-D027-48E0-90FB-6DBADF1C3464}.Release|Any CPU.ActiveCfg = Release|Any CPU
		{BA3D4D38-D027-48E0-90FB-6DBADF1C3464}.Release|Any CPU.Build.0 = Release|Any CPU
	EndGlobalSection
	GlobalSection(SolutionProperties) = preSolution
		HideSolutionNode = FALSE
	EndGlobalSection
	GlobalSection(ExtensibilityGlobals) = postSolution
		SolutionGuid = {88B8A02A-1369-45AE-BBFC-F359940E1ED2}
	EndGlobalSection
EndGlobal
